
Microsoft Visual Studio Solution File, Format Version 12.00
# Visual Studio Version 16
VisualStudioVersion = 16.0.31729.503
MinimumVisualStudioVersion = 10.0.40219.1
Project("{8BC9CEB8-8B4A-11D0-8D11-00A0C91BC942}") = "HomeWork_9", "HomeWork_9.vcxproj", "{CC3141FB-F3AA-480F-A573-9753F4FB5095}"
EndProject
Global
	GlobalSection(SolutionConfigurationPlatforms) = preSolution
		Debug|x64 = Debug|x64
		Debug|x86 = Debug|x86
		Release|x64 = Release|x64
		Release|x86 = Release|x86
	EndGlobalSection
	GlobalSection(ProjectConfigurationPlatforms) = postSolution
		{CC3141FB-F3AA-480F-A573-9753F4FB5095}.Debug|x64.ActiveCfg = Debug|x64
		{CC3141FB-F3AA-480F-A573-9753F4FB5095}.Debug|x64.Build.0 = Debug|x64
		{CC3141FB-F3AA-480F-A573-9753F4FB5095}.Debug|x86.ActiveCfg = Debug|Win32
		{CC3141FB-F3AA-480F-A573-9753F4FB5095}.Debug|x86.Build.0 = Debug|Win32
		{CC3141FB-F3AA-480F-A573-9753F4FB5095}.Release|x64.ActiveCfg = Release|x64
		{CC3141FB-F3AA-480F-A573-9753F4FB5095}.Release|x64.Build.0 = Release|x64
		{CC3141FB-F3AA-480F-A573-9753F4FB5095}.Release|x86.ActiveCfg = Release|Win32
		{CC3141FB-F3AA-480F-A573-9753F4FB5095}.Release|x86.Build.0 = Release|Win32
	EndGlobalSection
	GlobalSection(SolutionProperties) = preSolution
		HideSolutionNode = FALSE
	EndGlobalSection
	GlobalSection(ExtensibilityGlobals) = postSolution
		SolutionGuid = {E515E0CF-92FF-485F-88F2-C98237417BC0}
	EndGlobalSection
EndGlobal
